
Microsoft Visual Studio Solution File, Format Version 12.00
# Visual Studio 2013
VisualStudioVersion = 12.0.31101.0
MinimumVisualStudioVersion = 10.0.40219.1
Project("{FAE04EC0-301F-11D3-BF4B-00C04F79EFBC}") = "EasyLauncher", "EasyLauncher\EasyLauncher.csproj", "{4B20EBD3-E0AB-40B8-9C8F-5E711C60E588}"
EndProject
Project("{FAE04EC0-301F-11D3-BF4B-00C04F79EFBC}") = "Tests", "Tests\Tests.csproj", "{9C69427B-965F-4E80-9551-E26476A5EA27}"
EndProject
Global
	GlobalSection(SolutionConfigurationPlatforms) = preSolution
		Debug|Any CPU = Debug|Any CPU
		Release|Any CPU = Release|Any CPU
	EndGlobalSection
	GlobalSection(ProjectConfigurationPlatforms) = postSolution
		{4B20EBD3-E0AB-40B8-9C8F-5E711C60E588}.Debug|Any CPU.ActiveCfg = Debug|Any CPU
		{4B20EBD3-E0AB-40B8-9C8F-5E711C60E588}.Debug|Any CPU.Build.0 = Debug|Any CPU
		{4B20EBD3-E0AB-40B8-9C8F-5E711C60E588}.Release|Any CPU.ActiveCfg = Release|Any CPU
		{4B20EBD3-E0AB-40B8-9C8F-5E711C60E588}.Release|Any CPU.Build.0 = Release|Any CPU
		{9C69427B-965F-4E80-9551-E26476A5EA27}.Debug|Any CPU.ActiveCfg = Debug|Any CPU
		{9C69427B-965F-4E80-9551-E26476A5EA27}.Debug|Any CPU.Build.0 = Debug|Any CPU
		{9C69427B-965F-4E80-9551-E26476A5EA27}.Release|Any CPU.ActiveCfg = Release|Any CPU
		{9C69427B-965F-4E80-9551-E26476A5EA27}.Release|Any CPU.Build.0 = Release|Any CPU
	EndGlobalSection
	GlobalSection(SolutionProperties) = preSolution
		HideSolutionNode = FALSE
	EndGlobalSection
EndGlobal
